PODS:
  - app_limiter (0.0.1):
    - Flutter
  - Flutter (1.0.0)
  - flutter_local_notifications (0.0.1):
    - Flutter
  - fluttertoast (0.0.2):
    - Flutter
  - record_darwin (1.0.0):
    - Flutter

DEPENDENCIES:
  - app_limiter (from `.symlinks/plugins/app_limiter/ios`)
  - Flutter (from `Flutter`)
  - flutter_local_notifications (from `.symlinks/plugins/flutter_local_notifications/ios`)
  - fluttertoast (from `.symlinks/plugins/fluttertoast/ios`)
  - record_darwin (from `.symlinks/plugins/record_darwin/ios`)

EXTERNAL SOURCES:
  app_limiter:
    :path: ".symlinks/plugins/app_limiter/ios"
  Flutter:
    :path: Flutter
  flutter_local_notifications:
    :path: ".symlinks/plugins/flutter_local_notifications/ios"
  fluttertoast:
    :path: ".symlinks/plugins/fluttertoast/ios"
  record_darwin:
    :path: ".symlinks/plugins/record_darwin/ios"

SPEC CHECKSUMS:
  app_limiter: 98f11b431bb74c07bf530f8695cf91efed1ff9a2
  Flutter: 71a624a5bc0c04062bf19101d501e466baf2fb47
  flutter_local_notifications: 395056b3175ba4f08480a7c5de30cd36d69827e4
  fluttertoast: 2c67e14dce98bbdb200df9e1acf610d7a6264ea1
  record_darwin: fb1f375f1d9603714f55b8708a903bbb91ffdb0a

PODFILE CHECKSUM: 53a6aebc29ccee84c41f92f409fc20cd4ca011f1

COCOAPODS: 1.17.0
